<?xml version="1.0" encoding="utf-8"?>
<Project ToolsVersion="4.0" xmlns="http://schemas.microsoft.com/developer/msbuild/2003">
  <ItemGroup>
    <Filter Include="Source Files">
      <UniqueIdentifier>{4FC737F1-C7A5-4376-A066-2A32D752A2FF}</UniqueIdentifier>
      <Extensions>cpp;c;cxx;def;odl;idl;hpj;bat;asm;asmx</Extensions>
    </Filter>
    <Filter Include="Header Files">
      <UniqueIdentifier>{93995380-89BD-4b04-88EB-625FBE52EBFB}</UniqueIdentifier>
      <Extensions>h;hpp;hxx;hm;inl;inc;xsd</Extensions>
    </Filter>
  </ItemGroup>
  <ItemGroup>
    <ClCompile Include="AtgAnimation.cpp">
      <Filter>Source Files</Filter>
    </ClCompile>
    <ClCompile Include="AtgApp.cpp">
      <Filter>Source Files</Filter>
    </ClCompile>
    <ClCompile Include="AtgBound.cpp">
      <Filter>Source Files</Filter>
    </ClCompile>
    <ClCompile Include="AtgCamera.cpp">
      <Filter>Source Files</Filter>
    </ClCompile>
    <ClCompile Include="AtgCollision.cpp">
      <Filter>Source Files</Filter>
    </ClCompile>
    <ClCompile Include="AtgDebugDraw.cpp">
      <Filter>Source Files</Filter>
    </ClCompile>
    <ClCompile Include="AtgDevice.cpp">
      <Filter>Source Files</Filter>
    </ClCompile>
    <ClCompile Include="AtgEnumStrings.cpp">
      <Filter>Source Files</Filter>
    </ClCompile>
    <ClCompile Include="AtgFrame.cpp">
      <Filter>Source Files</Filter>
    </ClCompile>
    <ClCompile Include="AtgLight.cpp">
      <Filter>Source Files</Filter>
    </ClCompile>
    <ClCompile Include="AtgMaterials.cpp">
      <Filter>Source Files</Filter>
    </ClCompile>
    <ClCompile Include="AtgModel.cpp">
      <Filter>Source Files</Filter>
    </ClCompile>
    <ClCompile Include="AtgNamedTypedObject.cpp">
      <Filter>Source Files</Filter>
    </ClCompile>
    <ClCompile Include="AtgResource.cpp">
      <Filter>Source Files</Filter>
    </ClCompile>
    <ClCompile Include="AtgResourceDatabase.cpp">
      <Filter>Source Files</Filter>
    </ClCompile>
    <ClCompile Include="AtgScene.cpp">
      <Filter>Source Files</Filter>
    </ClCompile>
    <ClCompile Include="AtgSceneFileParser.cpp">
      <Filter>Source Files</Filter>
    </ClCompile>
    <ClCompile Include="AtgSceneMesh.cpp">
      <Filter>Source Files</Filter>
    </ClCompile>
    <ClCompile Include="AtgSimpleShaders.cpp">
      <Filter>Source Files</Filter>
    </ClCompile>
    <ClCompile Include="AtgUtil.cpp">
      <Filter>Source Files</Filter>
    </ClCompile>
    <ClCompile Include="AtgXmlParser.cpp">
      <Filter>Source Files</Filter>
    </ClCompile>
    <ClCompile Include="stdafx.cpp">
      <Filter>Source Files</Filter>
    </ClCompile>
    <ClCompile Include="XTLOnPC.cpp">
      <Filter>Source Files</Filter>
    </ClCompile>
  </ItemGroup>
  <ItemGroup>
    <ClInclude Include="AtgAnimation.h">
      <Filter>Header Files</Filter>
    </ClInclude>
    <ClInclude Include="AtgApp.h">
      <Filter>Header Files</Filter>
    </ClInclude>
    <ClInclude Include="AtgBound.h">
      <Filter>Header Files</Filter>
    </ClInclude>
    <ClInclude Include="AtgCamera.h">
      <Filter>Header Files</Filter>
    </ClInclude>
    <ClInclude Include="AtgCollision.h">
      <Filter>Header Files</Filter>
    </ClInclude>
    <ClInclude Include="AtgDebugDraw.h">
      <Filter>Header Files</Filter>
    </ClInclude>
    <ClInclude Include="AtgDevice.h">
      <Filter>Header Files</Filter>
    </ClInclude>
    <ClInclude Include="AtgEnumStrings.h">
      <Filter>Header Files</Filter>
    </ClInclude>
    <ClInclude Include="AtgFrame.h">
      <Filter>Header Files</Filter>
    </ClInclude>
    <ClInclude Include="AtgLight.h">
      <Filter>Header Files</Filter>
    </ClInclude>
    <ClInclude Include="AtgMaterials.h">
      <Filter>Header Files</Filter>
    </ClInclude>
    <ClInclude Include="AtgModel.h">
      <Filter>Header Files</Filter>
    </ClInclude>
    <ClInclude Include="AtgNamedTypedObject.h">
      <Filter>Header Files</Filter>
    </ClInclude>
    <ClInclude Include="AtgResource.h">
      <Filter>Header Files</Filter>
    </ClInclude>
    <ClInclude Include="AtgResourceDatabase.h">
      <Filter>Header Files</Filter>
    </ClInclude>
    <ClInclude Include="AtgScene.h">
      <Filter>Header Files</Filter>
    </ClInclude>
    <ClInclude Include="AtgSceneAll.h">
      <Filter>Header Files</Filter>
    </ClInclude>
    <ClInclude Include="AtgSceneFileParser.h">
      <Filter>Header Files</Filter>
    </ClInclude>
    <ClInclude Include="AtgSceneMesh.h">
      <Filter>Header Files</Filter>
    </ClInclude>
    <ClInclude Include="AtgSimpleShaders.h">
      <Filter>Header Files</Filter>
    </ClInclude>
    <ClInclude Include="AtgSkeletalAnimation.h">
      <Filter>Header Files</Filter>
    </ClInclude>
    <ClInclude Include="AtgUtil.h">
      <Filter>Header Files</Filter>
    </ClInclude>
    <ClInclude Include="AtgXmlParser.h">
      <Filter>Header Files</Filter>
    </ClInclude>
    <ClInclude Include="stdafx.h">
      <Filter>Header Files</Filter>
    </ClInclude>
    <ClInclude Include="XTLOnPC.h">
      <Filter>Header Files</Filter>
    </ClInclude>
  </ItemGroup>
</Project>